PODS:
  - Expecta (1.0.6)
  - "Expecta+Snapshots (3.1.1)":
    - Expecta (~> 1.0)
    - FBSnapshotTestCase/Core (~> 2.0)
    - Specta (~> 1.0)
  - FBSnapshotTestCase (2.1.4):
    - FBSnapshotTestCase/SwiftSupport (= 2.1.4)
  - FBSnapshotTestCase/Core (2.1.4)
  - FBSnapshotTestCase/SwiftSupport (2.1.4):
    - FBSnapshotTestCase/Core
  - Specta (1.0.7)
  - TRULogining (0.1.0):
    - TRUNetworking
  - TRUNetworking (0.1.0)

DEPENDENCIES:
  - Expecta
  - "Expecta+Snapshots"
  - FBSnapshotTestCase
  - Specta
  - TRULogining (from `../`)
  - TRUNetworking (from `../../TRUNetworking`)

SPEC REPOS:
  trunk:
    - Expecta
    - "Expecta+Snapshots"
    - FBSnapshotTestCase
    - Specta

EXTERNAL SOURCES:
  TRULogining:
    :path: "../"
  TRUNetworking:
    :path: "../../TRUNetworking"

SPEC CHECKSUMS:
  Expecta: 3b6bd90a64b9a1dcb0b70aa0e10a7f8f631667d5
  "Expecta+Snapshots": dcff217eef506dabd6dfdc7864ea2da321fafbb8
  FBSnapshotTestCase: 094f9f314decbabe373b87cc339bea235a63e07a
  Specta: 3e1bd89c3517421982dc4d1c992503e48bd5fe66
  TRULogining: 7aa5ecc8fe6da6e3806c5700a61dabf66aa1e22f
  TRUNetworking: f94da85a6aa9a0de00d4e57a1ce39acf42a6f481

PODFILE CHECKSUM: 6fe4e62fa66214740a7a8ab69937947f785c52c1

COCOAPODS: 1.10.2
